
Microsoft Visual Studio Solution File, Format Version 12.00
# Visual Studio Version 17
VisualStudioVersion = 17.4.33205.214
MinimumVisualStudioVersion = 10.0.40219.1
Project("{FAE04EC0-301F-11D3-BF4B-00C04F79EFBC}") = "MovieAPI", "MovieAPI\MovieAPI.csproj", "{EE8DD1AD-0B58-456B-A280-019709B3AAA7}"
EndProject
Global
	GlobalSection(SolutionConfigurationPlatforms) = preSolution
		Debug|Any CPU = Debug|Any CPU
		Release|Any CPU = Release|Any CPU
	EndGlobalSection
	GlobalSection(ProjectConfigurationPlatforms) = postSolution
		{EE8DD1AD-0B58-456B-A280-019709B3AAA7}.Debug|Any CPU.ActiveCfg = Debug|Any CPU
		{EE8DD1AD-0B58-456B-A280-019709B3AAA7}.Debug|Any CPU.Build.0 = Debug|Any CPU
		{EE8DD1AD-0B58-456B-A280-019709B3AAA7}.Release|Any CPU.ActiveCfg = Release|Any CPU
		{EE8DD1AD-0B58-456B-A280-019709B3AAA7}.Release|Any CPU.Build.0 = Release|Any CPU
	EndGlobalSection
	GlobalSection(SolutionProperties) = preSolution
		HideSolutionNode = FALSE
	EndGlobalSection
	GlobalSection(ExtensibilityGlobals) = postSolution
		SolutionGuid = {AAA3CEE5-96FD-4FBD-966D-F0AB76A9E6EA}
	EndGlobalSection
EndGlobal
